
Microsoft Visual Studio Solution File, Format Version 12.00
# Visual Studio Version 16
VisualStudioVersion = 16.0.31911.196
MinimumVisualStudioVersion = 10.0.40219.1
Project("{FAE04EC0-301F-11D3-BF4B-00C04F79EFBC}") = "2048", "2048\2048.csproj", "{1E369139-34FB-4D46-A88C-6CFB314BB0B8}"
EndProject
Global
	GlobalSection(SolutionConfigurationPlatforms) = preSolution
		Debug|Any CPU = Debug|Any CPU
		Release|Any CPU = Release|Any CPU
	EndGlobalSection
	GlobalSection(ProjectConfigurationPlatforms) = postSolution
		{1E369139-34FB-4D46-A88C-6CFB314BB0B8}.Debug|Any CPU.ActiveCfg = Debug|Any CPU
		{1E369139-34FB-4D46-A88C-6CFB314BB0B8}.Debug|Any CPU.Build.0 = Debug|Any CPU
		{1E369139-34FB-4D46-A88C-6CFB314BB0B8}.Release|Any CPU.ActiveCfg = Release|Any CPU
		{1E369139-34FB-4D46-A88C-6CFB314BB0B8}.Release|Any CPU.Build.0 = Release|Any CPU
	EndGlobalSection
	GlobalSection(SolutionProperties) = preSolution
		HideSolutionNode = FALSE
	EndGlobalSection
	GlobalSection(ExtensibilityGlobals) = postSolution
		SolutionGuid = {4453C9E9-E9A1-4D99-9168-E94BCC74BD03}
	EndGlobalSection
EndGlobal
